// !$*UTF8*$!
{
	archiveVersion = 1;
	classes = {
	};
	objectVersion = 55;
	objects = {

/* Begin PBXBuildFile section */
		09285EEF27C95623000EAC36 /* LoginHeaderView.swift in Sources */ = {isa = PBXBuildFile; fileRef = 09285EEE27C95623000EAC36 /* LoginHeaderView.swift */; };
		09285EF127C956A2000EAC36 /* EmailTextFieldView.swift in Sources */ = {isa = PBXBuildFile; fileRef = 09285EF027C956A2000EAC36 /* EmailTextFieldView.swift */; };
		09285EF327C95726000EAC36 /* PasswordTextFieldView.swift in Sources */ = {isa = PBXBuildFile; fileRef = 09285EF227C95726000EAC36 /* PasswordTextFieldView.swift */; };
		09285EF527C9576C000EAC36 /* LoginButtonView.swift in Sources */ = {isa = PBXBuildFile; fileRef = 09285EF427C9576C000EAC36 /* LoginButtonView.swift */; };
		09285EF727C957A6000EAC36 /* LoginFooterView.swift in Sources */ = {isa = PBXBuildFile; fileRef = 09285EF627C957A6000EAC36 /* LoginFooterView.swift */; };
		09E8ECB227C6FC8D00D1A672 /* Erste_App_mit_SwiftUIApp.swift in Sources */ = {isa = PBXBuildFile; fileRef = 09E8ECB127C6FC8D00D1A672 /* Erste_App_mit_SwiftUIApp.swift */; };
		09E8ECB427C6FC8D00D1A672 /* ContentView.swift in Sources */ = {isa = PBXBuildFile; fileRef = 09E8ECB327C6FC8D00D1A672 /* ContentView.swift */; };
		09E8ECB627C6FC8E00D1A672 /* Assets.xcassets in Resources */ = {isa = PBXBuildFile; fileRef = 09E8ECB527C6FC8E00D1A672 /* Assets.xcassets */; };
		09E8ECB927C6FC8E00D1A672 /* Preview Assets.xcassets in Resources */ = {isa = PBXBuildFile; fileRef = 09E8ECB827C6FC8E00D1A672 /* Preview Assets.xcassets */; };
/* End PBXBuildFile section */

/* Begin PBXFileReference section */
		09285EEE27C95623000EAC36 /* LoginHeaderView.swift */ = {isa = PBXFileReference; lastKnownFileType = sourcecode.swift; path = LoginHeaderView.swift; sourceTree = "<group>"; };
		09285EF027C956A2000EAC36 /* EmailTextFieldView.swift */ = {isa = PBXFileReference; lastKnownFileType = sourcecode.swift; path = EmailTextFieldView.swift; sourceTree = "<group>"; };
		09285EF227C95726000EAC36 /* PasswordTextFieldView.swift */ = {isa = PBXFileReference; lastKnownFileType = sourcecode.swift; path = PasswordTextFieldView.swift; sourceTree = "<group>"; };
		09285EF427C9576C000EAC36 /* LoginButtonView.swift */ = {isa = PBXFileReference; lastKnownFileType = sourcecode.swift; path = LoginButtonView.swift; sourceTree = "<group>"; };
		09285EF627C957A6000EAC36 /* LoginFooterView.swift */ = {isa = PBXFileReference; lastKnownFileType = sourcecode.swift; path = LoginFooterView.swift; sourceTree = "<group>"; };
		09E8ECAE27C6FC8D00D1A672 /* Erste-App-mit-SwiftUI.app */ = {isa = PBXFileReference; explicitFileType = wrapper.application; includeInIndex = 0; path = "Erste-App-mit-SwiftUI.app"; sourceTree = BUILT_PRODUCTS_DIR; };
		09E8ECB127C6FC8D00D1A672 /* Erste_App_mit_SwiftUIApp.swift */ = {isa = PBXFileReference; lastKnownFileType = sourcecode.swift; path = Erste_App_mit_SwiftUIApp.swift; sourceTree = "<group>"; };
		09E8ECB327C6FC8D00D1A672 /* ContentView.swift */ = {isa = PBXFileReference; lastKnownFileType = sourcecode.swift; path = ContentView.swift; sourceTree = "<group>"; };
		09E8ECB527C6FC8E00D1A672 /* Assets.xcassets */ = {isa = PBXFileReference; lastKnownFileType = folder.assetcatalog; path = Assets.xcassets; sourceTree = "<group>"; };
		09E8ECB827C6FC8E00D1A672 /* Preview Assets.xcassets */ = {isa = PBXFileReference; lastKnownFileType = folder.assetcatalog; path = "Preview Assets.xcassets"; sourceTree = "<group>"; };
/* End PBXFileReference section */

/* Begin PBXFrameworksBuildPhase section */
		09E8ECAB27C6FC8D00D1A672 /* Frameworks */ = {
			isa = PBXFrameworksBuildPhase;
			buildActionMask = 2147483647;
			files = (
			);
			runOnlyForDeploymentPostprocessing = 0;
		};
/* End PBXFrameworksBuildPhase section */

/* Begin PBXGroup section */
		09285EED27C95607000EAC36 /* Elements */ = {
			isa = PBXGroup;
			children = (
				09285EEE27C95623000EAC36 /* LoginHeaderView.swift */,
				09285EF027C956A2000EAC36 /* EmailTextFieldView.swift */,
				09285EF227C95726000EAC36 /* PasswordTextFieldView.swift */,
				09285EF427C9576C000EAC36 /* LoginButtonView.swift */,
				09285EF627C957A6000EAC36 /* LoginFooterView.swift */,
			);
			path = Elements;
			sourceTree = "<group>";
		};
		09E8ECA527C6FC8D00D1A672 = {
			isa = PBXGroup;
			children = (
				09E8ECB027C6FC8D00D1A672 /* Erste-App-mit-SwiftUI */,
				09E8ECAF27C6FC8D00D1A672 /* Products */,
			);
			sourceTree = "<group>";
		};
		09E8ECAF27C6FC8D00D1A672 /* Products */ = {
			isa = PBXGroup;
			children = (
				09E8ECAE27C6FC8D00D1A672 /* Erste-App-mit-SwiftUI.app */,
			);
			name = Products;
			sourceTree = "<group>";
		};
		09E8ECB027C6FC8D00D1A672 /* Erste-App-mit-SwiftUI */ = {
			isa = PBXGroup;
			children = (
				09285EED27C95607000EAC36 /* Elements */,
				09E8ECB127C6FC8D00D1A672 /* Erste_App_mit_SwiftUIApp.swift */,
				09E8ECB327C6FC8D00D1A672 /* ContentView.swift */,
				09E8ECB527C6FC8E00D1A672 /* Assets.xcassets */,
				09E8ECB727C6FC8E00D1A672 /* Preview Content */,
			);
			path = "Erste-App-mit-SwiftUI";
			sourceTree = "<group>";
		};
		09E8ECB727C6FC8E00D1A672 /* Preview Content */ = {
			isa = PBXGroup;
			children = (
				09E8ECB827C6FC8E00D1A672 /* Preview Assets.xcassets */,
			);
			path = "Preview Content";
			sourceTree = "<group>";
		};
/* End PBXGroup section */

/* Begin PBXNativeTarget section */
		09E8ECAD27C6FC8D00D1A672 /* Erste-App-mit-SwiftUI */ = {
			isa = PBXNativeTarget;
			buildConfigurationList = 09E8ECBC27C6FC8E00D1A672 /* Build configuration list for PBXNativeTarget "Erste-App-mit-SwiftUI" */;
			buildPhases = (
				09E8ECAA27C6FC8D00D1A672 /* Sources */,
				09E8ECAB27C6FC8D00D1A672 /* Frameworks */,
				09E8ECAC27C6FC8D00D1A672 /* Resources */,
			);
			buildRules = (
			);
			dependencies = (
			);
			name = "Erste-App-mit-SwiftUI";
			productName = "01_Erste-App-mit-SwiftUI";
			productReference = 09E8ECAE27C6FC8D00D1A672 /* Erste-App-mit-SwiftUI.app */;
			productType = "com.apple.product-type.application";
		};
/* End PBXNativeTarget section */

/* Begin PBXProject section */
		09E8ECA627C6FC8D00D1A672 /* Project object */ = {
			isa = PBXProject;
			attributes = {
				BuildIndependentTargetsInParallel = 1;
				LastSwiftUpdateCheck = 1320;
				LastUpgradeCheck = 1320;
				TargetAttributes = {
					09E8ECAD27C6FC8D00D1A672 = {
						CreatedOnToolsVersion = 13.2.1;
					};
				};
			};
			buildConfigurationList = 09E8ECA927C6FC8D00D1A672 /* Build configuration list for PBXProject "Erste-App-mit-SwiftUI" */;
			compatibilityVersion = "Xcode 13.0";
			developmentRegion = en;
			hasScannedForEncodings = 0;
			knownRegions = (
				en,
				Base,
			);
			mainGroup = 09E8ECA527C6FC8D00D1A672;
			productRefGroup = 09E8ECAF27C6FC8D00D1A672 /* Products */;
			projectDirPath = "";
			projectRoot = "";
			targets = (
				09E8ECAD27C6FC8D00D1A672 /* Erste-App-mit-SwiftUI */,
			);
		};
/* End PBXProject section */

/* Begin PBXResourcesBuildPhase section */
		09E8ECAC27C6FC8D00D1A672 /* Resources */ = {
			isa = PBXResourcesBuildPhase;
			buildActionMask = 2147483647;
			files = (
				09E8ECB927C6FC8E00D1A672 /* Preview Assets.xcassets in Resources */,
				09E8ECB627C6FC8E00D1A672 /* Assets.xcassets in Resources */,
			);
			runOnlyForDeploymentPostprocessing = 0;
		};
/* End PBXResourcesBuildPhase section */

/* Begin PBXSourcesBuildPhase section */
		09E8ECAA27C6FC8D00D1A672 /* Sources */ = {
			isa = PBXSourcesBuildPhase;
			buildActionMask = 2147483647;
			files = (
				09285EF727C957A6000EAC36 /* LoginFooterView.swift in Sources */,
				09E8ECB427C6FC8D00D1A672 /* ContentView.swift in Sources */,
				09285EEF27C95623000EAC36 /* LoginHeaderView.swift in Sources */,
				09285EF327C95726000EAC36 /* PasswordTextFieldView.swift in Sources */,
				09E8ECB227C6FC8D00D1A672 /* Erste_App_mit_SwiftUIApp.swift in Sources */,
				09285EF527C9576C000EAC36 /* LoginButtonView.swift in Sources */,
				09285EF127C956A2000EAC36 /* EmailTextFieldView.swift in Sources */,
			);
			runOnlyForDeploymentPostprocessing = 0;
		};
/* End PBXSourcesBuildPhase section */

/* Begin XCBuildConfiguration section */
		09E8ECBA27C6FC8E00D1A672 /* Debug */ = {
			isa = XCBuildConfiguration;
			buildSettings = {
				ALWAYS_SEARCH_USER_PATHS = NO;
				CLANG_ANALYZER_NONNULL = YES;
				CLANG_ANALYZER_NUMBER_OBJECT_CONVERSION = YES_AGGRESSIVE;
				CLANG_CXX_LANGUAGE_STANDARD = "gnu++17";
				CLANG_CXX_LIBRARY = "libc++";
				CLANG_ENABLE_MODULES = YES;
				CLANG_ENABLE_OBJC_ARC = YES;
				CLANG_ENABLE_OBJC_WEAK = YES;
				CLANG_WARN_BLOCK_CAPTURE_AUTORELEASING = YES;
				CLANG_WARN_BOOL_CONVERSION = YES;
				CLANG_WARN_COMMA = YES;
				CLANG_WARN_CONSTANT_CONVERSION = YES;
				CLANG_WARN_DEPRECATED_OBJC_IMPLEMENTATIONS = YES;
				CLANG_WARN_DIRECT_OBJC_ISA_USAGE = YES_ERROR;
				CLANG_WARN_DOCUMENTATION_COMMENTS = YES;
				CLANG_WARN_EMPTY_BODY = YES;
				CLANG_WARN_ENUM_CONVERSION = YES;
				CLANG_WARN_INFINITE_RECURSION = YES;
				CLANG_WARN_INT_CONVERSION = YES;
				CLANG_WARN_NON_LITERAL_NULL_CONVERSION = YES;
				CLANG_WARN_OBJC_IMPLICIT_RETAIN_SELF = YES;
				CLANG_WARN_OBJC_LITERAL_CONVERSION = YES;
				CLANG_WARN_OBJC_ROOT_CLASS = YES_ERROR;
				CLANG_WARN_QUOTED_INCLUDE_IN_FRAMEWORK_HEADER = YES;
				CLANG_WARN_RANGE_LOOP_ANALYSIS = YES;
				CLANG_WARN_STRICT_PROTOTYPES = YES;
				CLANG_WARN_SUSPICIOUS_MOVE = YES;
				CLANG_WARN_UNGUARDED_AVAILABILITY = YES_AGGRESSIVE;
				CLANG_WARN_UNREACHABLE_CODE = YES;
				CLANG_WARN__DUPLICATE_METHOD_MATCH = YES;
				COPY_PHASE_STRIP = NO;
				DEBUG_INFORMATION_FORMAT = dwarf;
				ENABLE_STRICT_OBJC_MSGSEND = YES;
				ENABLE_TESTABILITY = YES;
				GCC_C_LANGUAGE_STANDARD = gnu11;
				GCC_DYNAMIC_NO_PIC = NO;
				GCC_NO_COMMON_BLOCKS = YES;
				GCC_OPTIMIZATION_LEVEL = 0;
				GCC_PREPROCESSOR_DEFINITIONS = (
					"DEBUG=1",
					"$(inherited)",
				);
				GCC_WARN_64_TO_32_BIT_CONVERSION = YES;
				GCC_WARN_ABOUT_RETURN_TYPE = YES_ERROR;
				GCC_WARN_UNDECLARED_SELECTOR = YES;
				GCC_WARN_UNINITIALIZED_AUTOS = YES_AGGRESSIVE;
				GCC_WARN_UNUSED_FUNCTION = YES;
				GCC_WARN_UNUSED_VARIABLE = YES;
				IPHONEOS_DEPLOYMENT_TARGET = 15.2;
				MTL_ENABLE_DEBUG_INFO = INCLUDE_SOURCE;
				MTL_FAST_MATH = YES;
				ONLY_ACTIVE_ARCH = YES;
				SDKROOT = iphoneos;
				SWIFT_ACTIVE_COMPILATION_CONDITIONS = DEBUG;
				SWIFT_OPTIMIZATION_LEVEL = "-Onone";
			};
			name = Debug;
		};
		09E8ECBB27C6FC8E00D1A672 /* Release */ = {
			isa = XCBuildConfiguration;
			buildSettings = {
				ALWAYS_SEARCH_USER_PATHS = NO;
				CLANG_ANALYZER_NONNULL = YES;
				CLANG_ANALYZER_NUMBER_OBJECT_CONVERSION = YES_AGGRESSIVE;
				CLANG_CXX_LANGUAGE_STANDARD = "gnu++17";
				CLANG_CXX_LIBRARY = "libc++";
				CLANG_ENABLE_MODULES = YES;
				CLANG_ENABLE_OBJC_ARC = YES;
				CLANG_ENABLE_OBJC_WEAK = YES;
				CLANG_WARN_BLOCK_CAPTURE_AUTORELEASING = YES;
				CLANG_WARN_BOOL_CONVERSION = YES;
				CLANG_WARN_COMMA = YES;
				CLANG_WARN_CONSTANT_CONVERSION = YES;
				CLANG_WARN_DEPRECATED_OBJC_IMPLEMENTATIONS = YES;
				CLANG_WARN_DIRECT_OBJC_ISA_USAGE = YES_ERROR;
				CLANG_WARN_DOCUMENTATION_COMMENTS = YES;
				CLANG_WARN_EMPTY_BODY = YES;
				CLANG_WARN_ENUM_CONVERSION = YES;
				CLANG_WARN_INFINITE_RECURSION = YES;
				CLANG_WARN_INT_CONVERSION = YES;
				CLANG_WARN_NON_LITERAL_NULL_CONVERSION = YES;
				CLANG_WARN_OBJC_IMPLICIT_RETAIN_SELF = YES;
				CLANG_WARN_OBJC_LITERAL_CONVERSION = YES;
				CLANG_WARN_OBJC_ROOT_CLASS = YES_ERROR;
				CLANG_WARN_QUOTED_INCLUDE_IN_FRAMEWORK_HEADER = YES;
				CLANG_WARN_RANGE_LOOP_ANALYSIS = YES;
				CLANG_WARN_STRICT_PROTOTYPES = YES;
				CLANG_WARN_SUSPICIOUS_MOVE = YES;
				CLANG_WARN_UNGUARDED_AVAILABILITY = YES_AGGRESSIVE;
				CLANG_WARN_UNREACHABLE_CODE = YES;
				CLANG_WARN__DUPLICATE_METHOD_MATCH = YES;
				COPY_PHASE_STRIP = NO;
				DEBUG_INFORMATION_FORMAT = "dwarf-with-dsym";
				ENABLE_NS_ASSERTIONS = NO;
				ENABLE_STRICT_OBJC_MSGSEND = YES;
				GCC_C_LANGUAGE_STANDARD = gnu11;
				GCC_NO_COMMON_BLOCKS = YES;
				GCC_WARN_64_TO_32_BIT_CONVERSION = YES;
				GCC_WARN_ABOUT_RETURN_TYPE = YES_ERROR;
				GCC_WARN_UNDECLARED_SELECTOR = YES;
				GCC_WARN_UNINITIALIZED_AUTOS = YES_AGGRESSIVE;
				GCC_WARN_UNUSED_FUNCTION = YES;
				GCC_WARN_UNUSED_VARIABLE = YES;
				IPHONEOS_DEPLOYMENT_TARGET = 15.2;
				MTL_ENABLE_DEBUG_INFO = NO;
				MTL_FAST_MATH = YES;
				SDKROOT = iphoneos;
				SWIFT_COMPILATION_MODE = wholemodule;
				SWIFT_OPTIMIZATION_LEVEL = "-O";
				VALIDATE_PRODUCT = YES;
			};
			name = Release;
		};
		09E8ECBD27C6FC8E00D1A672 /* Debug */ = {
			isa = XCBuildConfiguration;
			buildSettings = {
				ASSETCATALOG_COMPILER_APPICON_NAME = AppIcon;
				ASSETCATALOG_COMPILER_GLOBAL_ACCENT_COLOR_NAME = AccentColor;
				CODE_SIGN_STYLE = Automatic;
				CURRENT_PROJECT_VERSION = 1;
				DEVELOPMENT_ASSET_PATHS = "\"Erste-App-mit-SwiftUI/Preview Content\"";
				DEVELOPMENT_TEAM = 3ZVY5KQYKP;
				ENABLE_PREVIEWS = YES;
				GENERATE_INFOPLIST_FILE = YES;
				INFOPLIST_KEY_UIApplicationSceneManifest_Generation = YES;
				INFOPLIST_KEY_UIApplicationSupportsIndirectInputEvents = YES;
				INFOPLIST_KEY_UILaunchScreen_Generation = YES;
				INFOPLIST_KEY_UISupportedInterfaceOrientations_iPad = "UIInterfaceOrientationPortrait UIInterfaceOrientationPortraitUpsideDown UIInterfaceOrientationLandscapeLeft UIInterfaceOrientationLandscapeRight";
				INFOPLIST_KEY_UISupportedInterfaceOrientations_iPhone = "UIInterfaceOrientationPortrait UIInterfaceOrientationLandscapeLeft UIInterfaceOrientationLandscapeRight";
				LD_RUNPATH_SEARCH_PATHS = (
					"$(inherited)",
					"@executable_path/Frameworks",
				);
				MARKETING_VERSION = 1.0;
				PRODUCT_BUNDLE_IDENTIFIER = "com.BBKDevelopment.Erste-App-mit-SwiftUI";
				PRODUCT_NAME = "Erste-App-mit-SwiftUI";
				SWIFT_EMIT_LOC_STRINGS = YES;
				SWIFT_VERSION = 5.0;
				TARGETED_DEVICE_FAMILY = "1,2";
			};
			name = Debug;
		};
		09E8ECBE27C6FC8E00D1A672 /* Release */ = {
			isa = XCBuildConfiguration;
			buildSettings = {
				ASSETCATALOG_COMPILER_APPICON_NAME = AppIcon;
				ASSETCATALOG_COMPILER_GLOBAL_ACCENT_COLOR_NAME = AccentColor;
				CODE_SIGN_STYLE = Automatic;
				CURRENT_PROJECT_VERSION = 1;
				DEVELOPMENT_ASSET_PATHS = "\"Erste-App-mit-SwiftUI/Preview Content\"";
				DEVELOPMENT_TEAM = 3ZVY5KQYKP;
				ENABLE_PREVIEWS = YES;
				GENERATE_INFOPLIST_FILE = YES;
				INFOPLIST_KEY_UIApplicationSceneManifest_Generation = YES;
				INFOPLIST_KEY_UIApplicationSupportsIndirectInputEvents = YES;
				INFOPLIST_KEY_UILaunchScreen_Generation = YES;
				INFOPLIST_KEY_UISupportedInterfaceOrientations_iPad = "UIInterfaceOrientationPortrait UIInterfaceOrientationPortraitUpsideDown UIInterfaceOrientationLandscapeLeft UIInterfaceOrientationLandscapeRight";
				INFOPLIST_KEY_UISupportedInterfaceOrientations_iPhone = "UIInterfaceOrientationPortrait UIInterfaceOrientationLandscapeLeft UIInterfaceOrientationLandscapeRight";
				LD_RUNPATH_SEARCH_PATHS = (
					"$(inherited)",
					"@executable_path/Frameworks",
				);
				MARKETING_VERSION = 1.0;
				PRODUCT_BUNDLE_IDENTIFIER = "com.BBKDevelopment.Erste-App-mit-SwiftUI";
				PRODUCT_NAME = "Erste-App-mit-SwiftUI";
				SWIFT_EMIT_LOC_STRINGS = YES;
				SWIFT_VERSION = 5.0;
				TARGETED_DEVICE_FAMILY = "1,2";
			};
			name = Release;
		};
/* End XCBuildConfiguration section */

/* Begin XCConfigurationList section */
		09E8ECA927C6FC8D00D1A672 /* Build configuration list for PBXProject "Erste-App-mit-SwiftUI" */ = {
			isa = XCConfigurationList;
			buildConfigurations = (
				09E8ECBA27C6FC8E00D1A672 /* Debug */,
				09E8ECBB27C6FC8E00D1A672 /* Release */,
			);
			defaultConfigurationIsVisible = 0;
			defaultConfigurationName = Release;
		};
		09E8ECBC27C6FC8E00D1A672 /* Build configuration list for PBXNativeTarget "Erste-App-mit-SwiftUI" */ = {
			isa = XCConfigurationList;
			buildConfigurations = (
				09E8ECBD27C6FC8E00D1A672 /* Debug */,
				09E8ECBE27C6FC8E00D1A672 /* Release */,
			);
			defaultConfigurationIsVisible = 0;
			defaultConfigurationName = Release;
		};
/* End XCConfigurationList section */
	};
	rootObject = 09E8ECA627C6FC8D00D1A672 /* Project object */;
}
